
Microsoft Visual Studio Solution File, Format Version 12.00
# Visual Studio Version 17
VisualStudioVersion = 17.5.33424.131
MinimumVisualStudioVersion = 10.0.40219.1
Project("{9A19103F-16F7-4668-BE54-9A1E7A4F7556}") = "BeneNotenrechner", "BeneNotenrechner\BeneNotenrechner.csproj", "{643E1AEB-4303-4F81-B11D-E736E46CE287}"
EndProject
Project("{9A19103F-16F7-4668-BE54-9A1E7A4F7556}") = "FeatureTest", "FeatureTest\FeatureTest.csproj", "{1BD69D5E-EAA9-4380-80D5-DC78FFD7534A}"
EndProject
Project("{9A19103F-16F7-4668-BE54-9A1E7A4F7556}") = "BeneNotenrechner.nUnitTests", "BeneNotenrechner.nUnitTests\BeneNotenrechner.nUnitTests.csproj", "{6561C9B8-C725-467D-8143-E3B5810563BA}"
EndProject
Project("{9A19103F-16F7-4668-BE54-9A1E7A4F7556}") = "BeneNotenrechner_MailAPI", "Dev_API\BeneNotenrechner_MailAPI.csproj", "{F3FFF763-E35D-4620-9778-B6CA50C652DB}"
EndProject
Global
	GlobalSection(SolutionConfigurationPlatforms) = preSolution
		Debug|Any CPU = Debug|Any CPU
		Release|Any CPU = Release|Any CPU
	EndGlobalSection
	GlobalSection(ProjectConfigurationPlatforms) = postSolution
		{643E1AEB-4303-4F81-B11D-E736E46CE287}.Debug|Any CPU.ActiveCfg = Debug|Any CPU
		{643E1AEB-4303-4F81-B11D-E736E46CE287}.Debug|Any CPU.Build.0 = Debug|Any CPU
		{643E1AEB-4303-4F81-B11D-E736E46CE287}.Release|Any CPU.ActiveCfg = Release|Any CPU
		{643E1AEB-4303-4F81-B11D-E736E46CE287}.Release|Any CPU.Build.0 = Release|Any CPU
		{1BD69D5E-EAA9-4380-80D5-DC78FFD7534A}.Debug|Any CPU.ActiveCfg = Debug|Any CPU
		{1BD69D5E-EAA9-4380-80D5-DC78FFD7534A}.Debug|Any CPU.Build.0 = Debug|Any CPU
		{1BD69D5E-EAA9-4380-80D5-DC78FFD7534A}.Release|Any CPU.ActiveCfg = Release|Any CPU
		{1BD69D5E-EAA9-4380-80D5-DC78FFD7534A}.Release|Any CPU.Build.0 = Release|Any CPU
		{6561C9B8-C725-467D-8143-E3B5810563BA}.Debug|Any CPU.ActiveCfg = Debug|Any CPU
		{6561C9B8-C725-467D-8143-E3B5810563BA}.Debug|Any CPU.Build.0 = Debug|Any CPU
		{6561C9B8-C725-467D-8143-E3B5810563BA}.Release|Any CPU.ActiveCfg = Release|Any CPU
		{6561C9B8-C725-467D-8143-E3B5810563BA}.Release|Any CPU.Build.0 = Release|Any CPU
		{F3FFF763-E35D-4620-9778-B6CA50C652DB}.Debug|Any CPU.ActiveCfg = Debug|Any CPU
		{F3FFF763-E35D-4620-9778-B6CA50C652DB}.Debug|Any CPU.Build.0 = Debug|Any CPU
		{F3FFF763-E35D-4620-9778-B6CA50C652DB}.Release|Any CPU.ActiveCfg = Release|Any CPU
		{F3FFF763-E35D-4620-9778-B6CA50C652DB}.Release|Any CPU.Build.0 = Release|Any CPU
	EndGlobalSection
	GlobalSection(SolutionProperties) = preSolution
		HideSolutionNode = FALSE
	EndGlobalSection
	GlobalSection(ExtensibilityGlobals) = postSolution
		SolutionGuid = {9CFCF6CE-21DA-4784-9AF8-05BF9A485EA9}
	EndGlobalSection
EndGlobal
